
Microsoft Visual Studio Solution File, Format Version 12.00
# Visual Studio Version 16
VisualStudioVersion = 16.0.30420.98
MinimumVisualStudioVersion = 10.0.40219.1
Project("{FAE04EC0-301F-11D3-BF4B-00C04F79EFBC}") = "DockerfileModel", "DockerfileModel\DockerfileModel.csproj", "{F67665F6-FC75-45F4-920E-14B093626BF0}"
EndProject
Project("{FAE04EC0-301F-11D3-BF4B-00C04F79EFBC}") = "DockerfileModel.Tests", "DockerfileModel.Tests\DockerfileModel.Tests.csproj", "{E1E9A7D5-55A8-4ADD-BDD5-C881DE5199F4}"
EndProject
Global
	GlobalSection(SolutionConfigurationPlatforms) = preSolution
		Debug|Any CPU = Debug|Any CPU
		Release|Any CPU = Release|Any CPU
	EndGlobalSection
	GlobalSection(ProjectConfigurationPlatforms) = postSolution
		{F67665F6-FC75-45F4-920E-14B093626BF0}.Debug|Any CPU.ActiveCfg = Debug|Any CPU
		{F67665F6-FC75-45F4-920E-14B093626BF0}.Debug|Any CPU.Build.0 = Debug|Any CPU
		{F67665F6-FC75-45F4-920E-14B093626BF0}.Release|Any CPU.ActiveCfg = Release|Any CPU
		{F67665F6-FC75-45F4-920E-14B093626BF0}.Release|Any CPU.Build.0 = Release|Any CPU
		{E1E9A7D5-55A8-4ADD-BDD5-C881DE5199F4}.Debug|Any CPU.ActiveCfg = Debug|Any CPU
		{E1E9A7D5-55A8-4ADD-BDD5-C881DE5199F4}.Debug|Any CPU.Build.0 = Debug|Any CPU
		{E1E9A7D5-55A8-4ADD-BDD5-C881DE5199F4}.Release|Any CPU.ActiveCfg = Release|Any CPU
		{E1E9A7D5-55A8-4ADD-BDD5-C881DE5199F4}.Release|Any CPU.Build.0 = Release|Any CPU
	EndGlobalSection
	GlobalSection(SolutionProperties) = preSolution
		HideSolutionNode = FALSE
	EndGlobalSection
	GlobalSection(ExtensibilityGlobals) = postSolution
		SolutionGuid = {E46C1FA2-498B-4B79-95C9-3D8FA8BE7D84}
	EndGlobalSection
EndGlobal
